
Microsoft Visual Studio Solution File, Format Version 12.00
# Visual Studio Version 17
VisualStudioVersion = 17.9.34607.119
MinimumVisualStudioVersion = 10.0.40219.1
Project("{FAE04EC0-301F-11D3-BF4B-00C04F79EFBC}") = "MainStreetGenomeProject", "MainStreetGenomeProject.csproj", "{D3F9A7E6-8F47-4D72-BA42-470205007DFA}"
EndProject
Project("{00D1A9C2-B5F0-4AF3-8072-F6C62B433612}") = "MSGP_DB", "MSGP_DB\MSGP_DB.sqlproj", "{D44A599F-2C96-4D0B-8173-E4B18C193EBE}"
EndProject
Project("{FAE04EC0-301F-11D3-BF4B-00C04F79EFBC}") = "Library", "..\Library\Library.csproj", "{1DEF9C84-C37D-4837-8DA1-8BB7AF2E9323}"
EndProject
Project("{FAE04EC0-301F-11D3-BF4B-00C04F79EFBC}") = "DataAccess", "..\DataAccess\DataAccess.csproj", "{E0CB0101-91F6-4504-816B-286368B9856F}"
EndProject
Project("{2150E333-8FDC-42A3-9474-1A3956D46DE8}") = "Solution Items", "Solution Items", "{7F712035-FB82-4361-976E-56C516C85570}"
	ProjectSection(SolutionItems) = preProject
		.editorconfig = .editorconfig
	EndProjectSection
EndProject
Global
	GlobalSection(SolutionConfigurationPlatforms) = preSolution
		Debug|Any CPU = Debug|Any CPU
		Release|Any CPU = Release|Any CPU
	EndGlobalSection
	GlobalSection(ProjectConfigurationPlatforms) = postSolution
		{D3F9A7E6-8F47-4D72-BA42-470205007DFA}.Debug|Any CPU.ActiveCfg = Debug|Any CPU
		{D3F9A7E6-8F47-4D72-BA42-470205007DFA}.Debug|Any CPU.Build.0 = Debug|Any CPU
		{D3F9A7E6-8F47-4D72-BA42-470205007DFA}.Release|Any CPU.ActiveCfg = Release|Any CPU
		{D3F9A7E6-8F47-4D72-BA42-470205007DFA}.Release|Any CPU.Build.0 = Release|Any CPU
		{D44A599F-2C96-4D0B-8173-E4B18C193EBE}.Debug|Any CPU.ActiveCfg = Debug|Any CPU
		{D44A599F-2C96-4D0B-8173-E4B18C193EBE}.Debug|Any CPU.Build.0 = Debug|Any CPU
		{D44A599F-2C96-4D0B-8173-E4B18C193EBE}.Debug|Any CPU.Deploy.0 = Debug|Any CPU
		{D44A599F-2C96-4D0B-8173-E4B18C193EBE}.Release|Any CPU.ActiveCfg = Release|Any CPU
		{D44A599F-2C96-4D0B-8173-E4B18C193EBE}.Release|Any CPU.Build.0 = Release|Any CPU
		{D44A599F-2C96-4D0B-8173-E4B18C193EBE}.Release|Any CPU.Deploy.0 = Release|Any CPU
		{1DEF9C84-C37D-4837-8DA1-8BB7AF2E9323}.Debug|Any CPU.ActiveCfg = Debug|Any CPU
		{1DEF9C84-C37D-4837-8DA1-8BB7AF2E9323}.Debug|Any CPU.Build.0 = Debug|Any CPU
		{1DEF9C84-C37D-4837-8DA1-8BB7AF2E9323}.Release|Any CPU.ActiveCfg = Release|Any CPU
		{1DEF9C84-C37D-4837-8DA1-8BB7AF2E9323}.Release|Any CPU.Build.0 = Release|Any CPU
		{E0CB0101-91F6-4504-816B-286368B9856F}.Debug|Any CPU.ActiveCfg = Debug|Any CPU
		{E0CB0101-91F6-4504-816B-286368B9856F}.Debug|Any CPU.Build.0 = Debug|Any CPU
		{E0CB0101-91F6-4504-816B-286368B9856F}.Release|Any CPU.ActiveCfg = Release|Any CPU
		{E0CB0101-91F6-4504-816B-286368B9856F}.Release|Any CPU.Build.0 = Release|Any CPU
	EndGlobalSection
	GlobalSection(SolutionProperties) = preSolution
		HideSolutionNode = FALSE
	EndGlobalSection
	GlobalSection(ExtensibilityGlobals) = postSolution
		SolutionGuid = {3AA9C1DC-A4B5-4BCC-80F7-2AF34F9E10BA}
	EndGlobalSection
EndGlobal
